PODS:
  - FLAnimatedImage (1.0.10)
  - NYTPhotoViewer (1.0.1):
    - NYTPhotoViewer/AnimatedGifSupport (= 1.0.1)
    - NYTPhotoViewer/Core (= 1.0.1)
  - NYTPhotoViewer/AnimatedGifSupport (1.0.1):
    - FLAnimatedImage (~> 1.0.8)
    - NYTPhotoViewer/Core
  - NYTPhotoViewer/Core (1.0.1)
  - SDWebImage (3.7.5):
    - SDWebImage/Core (= 3.7.5)
  - SDWebImage/Core (3.7.5)

DEPENDENCIES:
  - NYTPhotoViewer (~> 1.0.0)
  - SDWebImage (~> 3.7)

SPEC CHECKSUMS:
  FLAnimatedImage: e16a1e1cef08e4c509b47e4acbe3923f65c16135
  NYTPhotoViewer: 98e0a54a9d28e4a980fc4b611fd5e419ca89ad74
  SDWebImage: 69c6303e3348fba97e03f65d65d4fbc26740f461

COCOAPODS: 0.39.0
